// !$*UTF8*$!
{
	archiveVersion = 1;
	classes = {
	};
	objectVersion = 48;
	objects = {

/* Begin PBXBuildFile section */
		6026BA80205B06AA00E87044 /* AppDelegate.swift in Sources */ = {isa = PBXBuildFile; fileRef = 6026BA7F205B06AA00E87044 /* AppDelegate.swift */; };
		6026BA82205B06AA00E87044 /* ViewController.swift in Sources */ = {isa = PBXBuildFile; fileRef = 6026BA81205B06AA00E87044 /* ViewController.swift */; };
		6026BA85205B06AA00E87044 /* Main.storyboard in Resources */ = {isa = PBXBuildFile; fileRef = 6026BA83205B06AA00E87044 /* Main.storyboard */; };
		6026BA87205B06AA00E87044 /* Assets.xcassets in Resources */ = {isa = PBXBuildFile; fileRef = 6026BA86205B06AA00E87044 /* Assets.xcassets */; };
		6026BA8A205B06AA00E87044 /* LaunchScreen.storyboard in Resources */ = {isa = PBXBuildFile; fileRef = 6026BA88205B06AA00E87044 /* LaunchScreen.storyboard */; };
		6026BA95205B06AA00E87044 /* Dice_GameTests.swift in Sources */ = {isa = PBXBuildFile; fileRef = 6026BA94205B06AA00E87044 /* Dice_GameTests.swift */; };
		6026BAA0205B06AA00E87044 /* Dice_GameUITests.swift in Sources */ = {isa = PBXBuildFile; fileRef = 6026BA9F205B06AA00E87044 /* Dice_GameUITests.swift */; };
/* End PBXBuildFile section */

/* Begin PBXContainerItemProxy section */
		6026BA91205B06AA00E87044 /* PBXContainerItemProxy */ = {
			isa = PBXContainerItemProxy;
			containerPortal = 6026BA74205B06A900E87044 /* Project object */;
			proxyType = 1;
			remoteGlobalIDString = 6026BA7B205B06A900E87044;
			remoteInfo = "Dice Game";
		};
		6026BA9C205B06AA00E87044 /* PBXContainerItemProxy */ = {
			isa = PBXContainerItemProxy;
			containerPortal = 6026BA74205B06A900E87044 /* Project object */;
			proxyType = 1;
			remoteGlobalIDString = 6026BA7B205B06A900E87044;
			remoteInfo = "Dice Game";
		};
/* End PBXContainerItemProxy section */

/* Begin PBXFileReference section */
		6026BA7C205B06A900E87044 /* Dice Game.app */ = {isa = PBXFileReference; explicitFileType = wrapper.application; includeInIndex = 0; path = "Dice Game.app"; sourceTree = BUILT_PRODUCTS_DIR; };
		6026BA7F205B06AA00E87044 /* AppDelegate.swift */ = {isa = PBXFileReference; lastKnownFileType = sourcecode.swift; path = AppDelegate.swift; sourceTree = "<group>"; };
		6026BA81205B06AA00E87044 /* ViewController.swift */ = {isa = PBXFileReference; lastKnownFileType = sourcecode.swift; path = ViewController.swift; sourceTree = "<group>"; };
		6026BA84205B06AA00E87044 /* Base */ = {isa = PBXFileReference; lastKnownFileType = file.storyboard; name = Base; path = Base.lproj/Main.storyboard; sourceTree = "<group>"; };
		6026BA86205B06AA00E87044 /* Assets.xcassets */ = {isa = PBXFileReference; lastKnownFileType = folder.assetcatalog; path = Assets.xcassets; sourceTree = "<group>"; };
		6026BA89205B06AA00E87044 /* Base */ = {isa = PBXFileReference; lastKnownFileType = file.storyboard; name = Base; path = Base.lproj/LaunchScreen.storyboard; sourceTree = "<group>"; };
		6026BA8B205B06AA00E87044 /* Info.plist */ = {isa = PBXFileReference; lastKnownFileType = text.plist.xml; path = Info.plist; sourceTree = "<group>"; };
		6026BA90205B06AA00E87044 /* Dice GameTests.xctest */ = {isa = PBXFileReference; explicitFileType = wrapper.cfbundle; includeInIndex = 0; path = "Dice GameTests.xctest"; sourceTree = BUILT_PRODUCTS_DIR; };
		6026BA94205B06AA00E87044 /* Dice_GameTests.swift */ = {isa = PBXFileReference; lastKnownFileType = sourcecode.swift; path = Dice_GameTests.swift; sourceTree = "<group>"; };
		6026BA96205B06AA00E87044 /* Info.plist */ = {isa = PBXFileReference; lastKnownFileType = text.plist.xml; path = Info.plist; sourceTree = "<group>"; };
		6026BA9B205B06AA00E87044 /* Dice GameUITests.xctest */ = {isa = PBXFileReference; explicitFileType = wrapper.cfbundle; includeInIndex = 0; path = "Dice GameUITests.xctest"; sourceTree = BUILT_PRODUCTS_DIR; };
		6026BA9F205B06AA00E87044 /* Dice_GameUITests.swift */ = {isa = PBXFileReference; lastKnownFileType = sourcecode.swift; path = Dice_GameUITests.swift; sourceTree = "<group>"; };
		6026BAA1205B06AA00E87044 /* Info.plist */ = {isa = PBXFileReference; lastKnownFileType = text.plist.xml; path = Info.plist; sourceTree = "<group>"; };
/* End PBXFileReference section */

/* Begin PBXFrameworksBuildPhase section */
		6026BA79205B06A900E87044 /* Frameworks */ = {
			isa = PBXFrameworksBuildPhase;
			buildActionMask = 2147483647;
			files = (
			);
			runOnlyForDeploymentPostprocessing = 0;
		};
		6026BA8D205B06AA00E87044 /* Frameworks */ = {
			isa = PBXFrameworksBuildPhase;
			buildActionMask = 2147483647;
			files = (
			);
			runOnlyForDeploymentPostprocessing = 0;
		};
		6026BA98205B06AA00E87044 /* Frameworks */ = {
			isa = PBXFrameworksBuildPhase;
			buildActionMask = 2147483647;
			files = (
			);
			runOnlyForDeploymentPostprocessing = 0;
		};
/* End PBXFrameworksBuildPhase section */

/* Begin PBXGroup section */
		6026BA73205B06A900E87044 = {
			isa = PBXGroup;
			children = (
				6026BA7E205B06A900E87044 /* Dice Game */,
				6026BA93205B06AA00E87044 /* Dice GameTests */,
				6026BA9E205B06AA00E87044 /* Dice GameUITests */,
				6026BA7D205B06A900E87044 /* Products */,
			);
			sourceTree = "<group>";
		};
		6026BA7D205B06A900E87044 /* Products */ = {
			isa = PBXGroup;
			children = (
				6026BA7C205B06A900E87044 /* Dice Game.app */,
				6026BA90205B06AA00E87044 /* Dice GameTests.xctest */,
				6026BA9B205B06AA00E87044 /* Dice GameUITests.xctest */,
			);
			name = Products;
			sourceTree = "<group>";
		};
		6026BA7E205B06A900E87044 /* Dice Game */ = {
			isa = PBXGroup;
			children = (
				6026BA7F205B06AA00E87044 /* AppDelegate.swift */,
				6026BA81205B06AA00E87044 /* ViewController.swift */,
				6026BA83205B06AA00E87044 /* Main.storyboard */,
				6026BA86205B06AA00E87044 /* Assets.xcassets */,
				6026BA88205B06AA00E87044 /* LaunchScreen.storyboard */,
				6026BA8B205B06AA00E87044 /* Info.plist */,
			);
			path = "Dice Game";
			sourceTree = "<group>";
		};
		6026BA93205B06AA00E87044 /* Dice GameTests */ = {
			isa = PBXGroup;
			children = (
				6026BA94205B06AA00E87044 /* Dice_GameTests.swift */,
				6026BA96205B06AA00E87044 /* Info.plist */,
			);
			path = "Dice GameTests";
			sourceTree = "<group>";
		};
		6026BA9E205B06AA00E87044 /* Dice GameUITests */ = {
			isa = PBXGroup;
			children = (
				6026BA9F205B06AA00E87044 /* Dice_GameUITests.swift */,
				6026BAA1205B06AA00E87044 /* Info.plist */,
			);
			path = "Dice GameUITests";
			sourceTree = "<group>";
		};
/* End PBXGroup section */

/* Begin PBXNativeTarget section */
		6026BA7B205B06A900E87044 /* Dice Game */ = {
			isa = PBXNativeTarget;
			buildConfigurationList = 6026BAA4205B06AA00E87044 /* Build configuration list for PBXNativeTarget "Dice Game" */;
			buildPhases = (
				6026BA78205B06A900E87044 /* Sources */,
				6026BA79205B06A900E87044 /* Frameworks */,
				6026BA7A205B06A900E87044 /* Resources */,
			);
			buildRules = (
			);
			dependencies = (
			);
			name = "Dice Game";
			productName = "Dice Game";
			productReference = 6026BA7C205B06A900E87044 /* Dice Game.app */;
			productType = "com.apple.product-type.application";
		};
		6026BA8F205B06AA00E87044 /* Dice GameTests */ = {
			isa = PBXNativeTarget;
			buildConfigurationList = 6026BAA7205B06AA00E87044 /* Build configuration list for PBXNativeTarget "Dice GameTests" */;
			buildPhases = (
				6026BA8C205B06AA00E87044 /* Sources */,
				6026BA8D205B06AA00E87044 /* Frameworks */,
				6026BA8E205B06AA00E87044 /* Resources */,
			);
			buildRules = (
			);
			dependencies = (
				6026BA92205B06AA00E87044 /* PBXTargetDependency */,
			);
			name = "Dice GameTests";
			productName = "Dice GameTests";
			productReference = 6026BA90205B06AA00E87044 /* Dice GameTests.xctest */;
			productType = "com.apple.product-type.bundle.unit-test";
		};
		6026BA9A205B06AA00E87044 /* Dice GameUITests */ = {
			isa = PBXNativeTarget;
			buildConfigurationList = 6026BAAA205B06AA00E87044 /* Build configuration list for PBXNativeTarget "Dice GameUITests" */;
			buildPhases = (
				6026BA97205B06AA00E87044 /* Sources */,
				6026BA98205B06AA00E87044 /* Frameworks */,
				6026BA99205B06AA00E87044 /* Resources */,
			);
			buildRules = (
			);
			dependencies = (
				6026BA9D205B06AA00E87044 /* PBXTargetDependency */,
			);
			name = "Dice GameUITests";
			productName = "Dice GameUITests";
			productReference = 6026BA9B205B06AA00E87044 /* Dice GameUITests.xctest */;
			productType = "com.apple.product-type.bundle.ui-testing";
		};
/* End PBXNativeTarget section */

/* Begin PBXProject section */
		6026BA74205B06A900E87044 /* Project object */ = {
			isa = PBXProject;
			attributes = {
				LastSwiftUpdateCheck = 0920;
				LastUpgradeCheck = 0920;
				ORGANIZATIONNAME = "Anubhav Malik";
				TargetAttributes = {
					6026BA7B205B06A900E87044 = {
						CreatedOnToolsVersion = 9.2;
						ProvisioningStyle = Automatic;
					};
					6026BA8F205B06AA00E87044 = {
						CreatedOnToolsVersion = 9.2;
						ProvisioningStyle = Automatic;
						TestTargetID = 6026BA7B205B06A900E87044;
					};
					6026BA9A205B06AA00E87044 = {
						CreatedOnToolsVersion = 9.2;
						ProvisioningStyle = Automatic;
						TestTargetID = 6026BA7B205B06A900E87044;
					};
				};
			};
			buildConfigurationList = 6026BA77205B06A900E87044 /* Build configuration list for PBXProject "Dice Game" */;
			compatibilityVersion = "Xcode 8.0";
			developmentRegion = en;
			hasScannedForEncodings = 0;
			knownRegions = (
				en,
				Base,
			);
			mainGroup = 6026BA73205B06A900E87044;
			productRefGroup = 6026BA7D205B06A900E87044 /* Products */;
			projectDirPath = "";
			projectRoot = "";
			targets = (
				6026BA7B205B06A900E87044 /* Dice Game */,
				6026BA8F205B06AA00E87044 /* Dice GameTests */,
				6026BA9A205B06AA00E87044 /* Dice GameUITests */,
			);
		};
/* End PBXProject section */

/* Begin PBXResourcesBuildPhase section */
		6026BA7A205B06A900E87044 /* Resources */ = {
			isa = PBXResourcesBuildPhase;
			buildActionMask = 2147483647;
			files = (
				6026BA8A205B06AA00E87044 /* LaunchScreen.storyboard in Resources */,
				6026BA87205B06AA00E87044 /* Assets.xcassets in Resources */,
				6026BA85205B06AA00E87044 /* Main.storyboard in Resources */,
			);
			runOnlyForDeploymentPostprocessing = 0;
		};
		6026BA8E205B06AA00E87044 /* Resources */ = {
			isa = PBXResourcesBuildPhase;
			buildActionMask = 2147483647;
			files = (
			);
			runOnlyForDeploymentPostprocessing = 0;
		};
		6026BA99205B06AA00E87044 /* Resources */ = {
			isa = PBXResourcesBuildPhase;
			buildActionMask = 2147483647;
			files = (
			);
			runOnlyForDeploymentPostprocessing = 0;
		};
/* End PBXResourcesBuildPhase section */

/* Begin PBXSourcesBuildPhase section */
		6026BA78205B06A900E87044 /* Sources */ = {
			isa = PBXSourcesBuildPhase;
			buildActionMask = 2147483647;
			files = (
				6026BA82205B06AA00E87044 /* ViewController.swift in Sources */,
				6026BA80205B06AA00E87044 /* AppDelegate.swift in Sources */,
			);
			runOnlyForDeploymentPostprocessing = 0;
		};
		6026BA8C205B06AA00E87044 /* Sources */ = {
			isa = PBXSourcesBuildPhase;
			buildActionMask = 2147483647;
			files = (
				6026BA95205B06AA00E87044 /* Dice_GameTests.swift in Sources */,
			);
			runOnlyForDeploymentPostprocessing = 0;
		};
		6026BA97205B06AA00E87044 /* Sources */ = {
			isa = PBXSourcesBuildPhase;
			buildActionMask = 2147483647;
			files = (
				6026BAA0205B06AA00E87044 /* Dice_GameUITests.swift in Sources */,
			);
			runOnlyForDeploymentPostprocessing = 0;
		};
/* End PBXSourcesBuildPhase section */

/* Begin PBXTargetDependency section */
		6026BA92205B06AA00E87044 /* PBXTargetDependency */ = {
			isa = PBXTargetDependency;
			target = 6026BA7B205B06A900E87044 /* Dice Game */;
			targetProxy = 6026BA91205B06AA00E87044 /* PBXContainerItemProxy */;
		};
		6026BA9D205B06AA00E87044 /* PBXTargetDependency */ = {
			isa = PBXTargetDependency;
			target = 6026BA7B205B06A900E87044 /* Dice Game */;
			targetProxy = 6026BA9C205B06AA00E87044 /* PBXContainerItemProxy */;
		};
/* End PBXTargetDependency section */

/* Begin PBXVariantGroup section */
		6026BA83205B06AA00E87044 /* Main.storyboard */ = {
			isa = PBXVariantGroup;
			children = (
				6026BA84205B06AA00E87044 /* Base */,
			);
			name = Main.storyboard;
			sourceTree = "<group>";
		};
		6026BA88205B06AA00E87044 /* LaunchScreen.storyboard */ = {
			isa = PBXVariantGroup;
			children = (
				6026BA89205B06AA00E87044 /* Base */,
			);
			name = LaunchScreen.storyboard;
			sourceTree = "<group>";
		};
/* End PBXVariantGroup section */

/* Begin XCBuildConfiguration section */
		6026BAA2205B06AA00E87044 /* Debug */ = {
			isa = XCBuildConfiguration;
			buildSettings = {
				ALWAYS_SEARCH_USER_PATHS = NO;
				CLANG_ANALYZER_NONNULL = YES;
				CLANG_ANALYZER_NUMBER_OBJECT_CONVERSION = YES_AGGRESSIVE;
				CLANG_CXX_LANGUAGE_STANDARD = "gnu++14";
				CLANG_CXX_LIBRARY = "libc++";
				CLANG_ENABLE_MODULES = YES;
				CLANG_ENABLE_OBJC_ARC = YES;
				CLANG_WARN_BLOCK_CAPTURE_AUTORELEASING = YES;
				CLANG_WARN_BOOL_CONVERSION = YES;
				CLANG_WARN_COMMA = YES;
				CLANG_WARN_CONSTANT_CONVERSION = YES;
				CLANG_WARN_DIRECT_OBJC_ISA_USAGE = YES_ERROR;
				CLANG_WARN_DOCUMENTATION_COMMENTS = YES;
				CLANG_WARN_EMPTY_BODY = YES;
				CLANG_WARN_ENUM_CONVERSION = YES;
				CLANG_WARN_INFINITE_RECURSION = YES;
				CLANG_WARN_INT_CONVERSION = YES;
				CLANG_WARN_NON_LITERAL_NULL_CONVERSION = YES;
				CLANG_WARN_OBJC_LITERAL_CONVERSION = YES;
				CLANG_WARN_OBJC_ROOT_CLASS = YES_ERROR;
				CLANG_WARN_RANGE_LOOP_ANALYSIS = YES;
				CLANG_WARN_STRICT_PROTOTYPES = YES;
				CLANG_WARN_SUSPICIOUS_MOVE = YES;
				CLANG_WARN_UNGUARDED_AVAILABILITY = YES_AGGRESSIVE;
				CLANG_WARN_UNREACHABLE_CODE = YES;
				CLANG_WARN__DUPLICATE_METHOD_MATCH = YES;
				CODE_SIGN_IDENTITY = "iPhone Developer";
				COPY_PHASE_STRIP = NO;
				DEBUG_INFORMATION_FORMAT = dwarf;
				ENABLE_STRICT_OBJC_MSGSEND = YES;
				ENABLE_TESTABILITY = YES;
				GCC_C_LANGUAGE_STANDARD = gnu11;
				GCC_DYNAMIC_NO_PIC = NO;
				GCC_NO_COMMON_BLOCKS = YES;
				GCC_OPTIMIZATION_LEVEL = 0;
				GCC_PREPROCESSOR_DEFINITIONS = (
					"DEBUG=1",
					"$(inherited)",
				);
				GCC_WARN_64_TO_32_BIT_CONVERSION = YES;
				GCC_WARN_ABOUT_RETURN_TYPE = YES_ERROR;
				GCC_WARN_UNDECLARED_SELECTOR = YES;
				GCC_WARN_UNINITIALIZED_AUTOS = YES_AGGRESSIVE;
				GCC_WARN_UNUSED_FUNCTION = YES;
				GCC_WARN_UNUSED_VARIABLE = YES;
				IPHONEOS_DEPLOYMENT_TARGET = 11.2;
				MTL_ENABLE_DEBUG_INFO = YES;
				ONLY_ACTIVE_ARCH = YES;
				SDKROOT = iphoneos;
				SWIFT_ACTIVE_COMPILATION_CONDITIONS = DEBUG;
				SWIFT_OPTIMIZATION_LEVEL = "-Onone";
			};
			name = Debug;
		};
		6026BAA3205B06AA00E87044 /* Release */ = {
			isa = XCBuildConfiguration;
			buildSettings = {
				ALWAYS_SEARCH_USER_PATHS = NO;
				CLANG_ANALYZER_NONNULL = YES;
				CLANG_ANALYZER_NUMBER_OBJECT_CONVERSION = YES_AGGRESSIVE;
				CLANG_CXX_LANGUAGE_STANDARD = "gnu++14";
				CLANG_CXX_LIBRARY = "libc++";
				CLANG_ENABLE_MODULES = YES;
				CLANG_ENABLE_OBJC_ARC = YES;
				CLANG_WARN_BLOCK_CAPTURE_AUTORELEASING = YES;
				CLANG_WARN_BOOL_CONVERSION = YES;
				CLANG_WARN_COMMA = YES;
				CLANG_WARN_CONSTANT_CONVERSION = YES;
				CLANG_WARN_DIRECT_OBJC_ISA_USAGE = YES_ERROR;
				CLANG_WARN_DOCUMENTATION_COMMENTS = YES;
				CLANG_WARN_EMPTY_BODY = YES;
				CLANG_WARN_ENUM_CONVERSION = YES;
				CLANG_WARN_INFINITE_RECURSION = YES;
				CLANG_WARN_INT_CONVERSION = YES;
				CLANG_WARN_NON_LITERAL_NULL_CONVERSION = YES;
				CLANG_WARN_OBJC_LITERAL_CONVERSION = YES;
				CLANG_WARN_OBJC_ROOT_CLASS = YES_ERROR;
				CLANG_WARN_RANGE_LOOP_ANALYSIS = YES;
				CLANG_WARN_STRICT_PROTOTYPES = YES;
				CLANG_WARN_SUSPICIOUS_MOVE = YES;
				CLANG_WARN_UNGUARDED_AVAILABILITY = YES_AGGRESSIVE;
				CLANG_WARN_UNREACHABLE_CODE = YES;
				CLANG_WARN__DUPLICATE_METHOD_MATCH = YES;
				CODE_SIGN_IDENTITY = "iPhone Developer";
				COPY_PHASE_STRIP = NO;
				DEBUG_INFORMATION_FORMAT = "dwarf-with-dsym";
				ENABLE_NS_ASSERTIONS = NO;
				ENABLE_STRICT_OBJC_MSGSEND = YES;
				GCC_C_LANGUAGE_STANDARD = gnu11;
				GCC_NO_COMMON_BLOCKS = YES;
				GCC_WARN_64_TO_32_BIT_CONVERSION = YES;
				GCC_WARN_ABOUT_RETURN_TYPE = YES_ERROR;
				GCC_WARN_UNDECLARED_SELECTOR = YES;
				GCC_WARN_UNINITIALIZED_AUTOS = YES_AGGRESSIVE;
				GCC_WARN_UNUSED_FUNCTION = YES;
				GCC_WARN_UNUSED_VARIABLE = YES;
				IPHONEOS_DEPLOYMENT_TARGET = 11.2;
				MTL_ENABLE_DEBUG_INFO = NO;
				SDKROOT = iphoneos;
				SWIFT_OPTIMIZATION_LEVEL = "-Owholemodule";
				VALIDATE_PRODUCT = YES;
			};
			name = Release;
		};
		6026BAA5205B06AA00E87044 /* Debug */ = {
			isa = XCBuildConfiguration;
			buildSettings = {
				ASSETCATALOG_COMPILER_APPICON_NAME = AppIcon;
				CODE_SIGN_STYLE = Automatic;
				INFOPLIST_FILE = "Dice Game/Info.plist";
				LD_RUNPATH_SEARCH_PATHS = "$(inherited) @executable_path/Frameworks";
				PRODUCT_BUNDLE_IDENTIFIER = "com.anubhavmalikdeveloper.Dice-Game";
				PRODUCT_NAME = "$(TARGET_NAME)";
				SWIFT_VERSION = 4.0;
				TARGETED_DEVICE_FAMILY = "1,2";
			};
			name = Debug;
		};
		6026BAA6205B06AA00E87044 /* Release */ = {
			isa = XCBuildConfiguration;
			buildSettings = {
				ASSETCATALOG_COMPILER_APPICON_NAME = AppIcon;
				CODE_SIGN_STYLE = Automatic;
				INFOPLIST_FILE = "Dice Game/Info.plist";
				LD_RUNPATH_SEARCH_PATHS = "$(inherited) @executable_path/Frameworks";
				PRODUCT_BUNDLE_IDENTIFIER = "com.anubhavmalikdeveloper.Dice-Game";
				PRODUCT_NAME = "$(TARGET_NAME)";
				SWIFT_VERSION = 4.0;
				TARGETED_DEVICE_FAMILY = "1,2";
			};
			name = Release;
		};
		6026BAA8205B06AA00E87044 /* Debug */ = {
			isa = XCBuildConfiguration;
			buildSettings = {
				ALWAYS_EMBED_SWIFT_STANDARD_LIBRARIES = YES;
				BUNDLE_LOADER = "$(TEST_HOST)";
				CODE_SIGN_STYLE = Automatic;
				INFOPLIST_FILE = "Dice GameTests/Info.plist";
				LD_RUNPATH_SEARCH_PATHS = "$(inherited) @executable_path/Frameworks @loader_path/Frameworks";
				PRODUCT_BUNDLE_IDENTIFIER = "com.anubhavmalikdeveloper.Dice-GameTests";
				PRODUCT_NAME = "$(TARGET_NAME)";
				SWIFT_VERSION = 4.0;
				TARGETED_DEVICE_FAMILY = "1,2";
				TEST_HOST = "$(BUILT_PRODUCTS_DIR)/Dice Game.app/Dice Game";
			};
			name = Debug;
		};
		6026BAA9205B06AA00E87044 /* Release */ = {
			isa = XCBuildConfiguration;
			buildSettings = {
				ALWAYS_EMBED_SWIFT_STANDARD_LIBRARIES = YES;
				BUNDLE_LOADER = "$(TEST_HOST)";
				CODE_SIGN_STYLE = Automatic;
				INFOPLIST_FILE = "Dice GameTests/Info.plist";
				LD_RUNPATH_SEARCH_PATHS = "$(inherited) @executable_path/Frameworks @loader_path/Frameworks";
				PRODUCT_BUNDLE_IDENTIFIER = "com.anubhavmalikdeveloper.Dice-GameTests";
				PRODUCT_NAME = "$(TARGET_NAME)";
				SWIFT_VERSION = 4.0;
				TARGETED_DEVICE_FAMILY = "1,2";
				TEST_HOST = "$(BUILT_PRODUCTS_DIR)/Dice Game.app/Dice Game";
			};
			name = Release;
		};
		6026BAAB205B06AA00E87044 /* Debug */ = {
			isa = XCBuildConfiguration;
			buildSettings = {
				ALWAYS_EMBED_SWIFT_STANDARD_LIBRARIES = YES;
				CODE_SIGN_STYLE = Automatic;
				INFOPLIST_FILE = "Dice GameUITests/Info.plist";
				LD_RUNPATH_SEARCH_PATHS = "$(inherited) @executable_path/Frameworks @loader_path/Frameworks";
				PRODUCT_BUNDLE_IDENTIFIER = "com.anubhavmalikdeveloper.Dice-GameUITests";
				PRODUCT_NAME = "$(TARGET_NAME)";
				SWIFT_VERSION = 4.0;
				TARGETED_DEVICE_FAMILY = "1,2";
				TEST_TARGET_NAME = "Dice Game";
			};
			name = Debug;
		};
		6026BAAC205B06AA00E87044 /* Release */ = {
			isa = XCBuildConfiguration;
			buildSettings = {
				ALWAYS_EMBED_SWIFT_STANDARD_LIBRARIES = YES;
				CODE_SIGN_STYLE = Automatic;
				INFOPLIST_FILE = "Dice GameUITests/Info.plist";
				LD_RUNPATH_SEARCH_PATHS = "$(inherited) @executable_path/Frameworks @loader_path/Frameworks";
				PRODUCT_BUNDLE_IDENTIFIER = "com.anubhavmalikdeveloper.Dice-GameUITests";
				PRODUCT_NAME = "$(TARGET_NAME)";
				SWIFT_VERSION = 4.0;
				TARGETED_DEVICE_FAMILY = "1,2";
				TEST_TARGET_NAME = "Dice Game";
			};
			name = Release;
		};
/* End XCBuildConfiguration section */

/* Begin XCConfigurationList section */
		6026BA77205B06A900E87044 /* Build configuration list for PBXProject "Dice Game" */ = {
			isa = XCConfigurationList;
			buildConfigurations = (
				6026BAA2205B06AA00E87044 /* Debug */,
				6026BAA3205B06AA00E87044 /* Release */,
			);
			defaultConfigurationIsVisible = 0;
			defaultConfigurationName = Release;
		};
		6026BAA4205B06AA00E87044 /* Build configuration list for PBXNativeTarget "Dice Game" */ = {
			isa = XCConfigurationList;
			buildConfigurations = (
				6026BAA5205B06AA00E87044 /* Debug */,
				6026BAA6205B06AA00E87044 /* Release */,
			);
			defaultConfigurationIsVisible = 0;
			defaultConfigurationName = Release;
		};
		6026BAA7205B06AA00E87044 /* Build configuration list for PBXNativeTarget "Dice GameTests" */ = {
			isa = XCConfigurationList;
			buildConfigurations = (
				6026BAA8205B06AA00E87044 /* Debug */,
				6026BAA9205B06AA00E87044 /* Release */,
			);
			defaultConfigurationIsVisible = 0;
			defaultConfigurationName = Release;
		};
		6026BAAA205B06AA00E87044 /* Build configuration list for PBXNativeTarget "Dice GameUITests" */ = {
			isa = XCConfigurationList;
			buildConfigurations = (
				6026BAAB205B06AA00E87044 /* Debug */,
				6026BAAC205B06AA00E87044 /* Release */,
			);
			defaultConfigurationIsVisible = 0;
			defaultConfigurationName = Release;
		};
/* End XCConfigurationList section */
	};
	rootObject = 6026BA74205B06A900E87044 /* Project object */;
}
